// !$*UTF8*$!
{
	archiveVersion = 1;
	classes = {
	};
	objectVersion = 50;
	objects = {

/* Begin PBXBuildFile section */
		7514DD5E2205BC88009E1E89 /* AppCoordinator.swift in Sources */ = {isa = PBXBuildFile; fileRef = 7514DD5D2205BC88009E1E89 /* AppCoordinator.swift */; };
		7514DD602205BCB3009E1E89 /* AppFactory.swift in Sources */ = {isa = PBXBuildFile; fileRef = 7514DD5F2205BCB3009E1E89 /* AppFactory.swift */; };
		7514DD622205BD83009E1E89 /* ItemListViewController.swift in Sources */ = {isa = PBXBuildFile; fileRef = 7514DD612205BD83009E1E89 /* ItemListViewController.swift */; };
		7514DD642205BD9A009E1E89 /* ItemListViewModel.swift in Sources */ = {isa = PBXBuildFile; fileRef = 7514DD632205BD9A009E1E89 /* ItemListViewModel.swift */; };
		7514DD682205C65E009E1E89 /* ErrorView.swift in Sources */ = {isa = PBXBuildFile; fileRef = 7514DD672205C65E009E1E89 /* ErrorView.swift */; };
		7514DD6A2205C67A009E1E89 /* ErrorView.xib in Resources */ = {isa = PBXBuildFile; fileRef = 7514DD692205C67A009E1E89 /* ErrorView.xib */; };
		7514DD6C2205CD82009E1E89 /* NibLoadable.swift in Sources */ = {isa = PBXBuildFile; fileRef = 7514DD6B2205CD82009E1E89 /* NibLoadable.swift */; };
		7514DD6E2205D387009E1E89 /* LoadingView.swift in Sources */ = {isa = PBXBuildFile; fileRef = 7514DD6D2205D387009E1E89 /* LoadingView.swift */; };
		7514DD702205D398009E1E89 /* LoadingView.xib in Resources */ = {isa = PBXBuildFile; fileRef = 7514DD6F2205D398009E1E89 /* LoadingView.xib */; };
		7514DD732205DC0C009E1E89 /* Constants.swift in Sources */ = {isa = PBXBuildFile; fileRef = 7514DD722205DC0C009E1E89 /* Constants.swift */; };
		75E96B6322043FB600B9B656 /* AppDelegate.swift in Sources */ = {isa = PBXBuildFile; fileRef = 75E96B6222043FB600B9B656 /* AppDelegate.swift */; };
		75E96B6822043FB600B9B656 /* Main.storyboard in Resources */ = {isa = PBXBuildFile; fileRef = 75E96B6622043FB600B9B656 /* Main.storyboard */; };
		75E96B6A22043FB700B9B656 /* Assets.xcassets in Resources */ = {isa = PBXBuildFile; fileRef = 75E96B6922043FB700B9B656 /* Assets.xcassets */; };
		75E96B6D22043FB700B9B656 /* LaunchScreen.storyboard in Resources */ = {isa = PBXBuildFile; fileRef = 75E96B6B22043FB700B9B656 /* LaunchScreen.storyboard */; };
		75E96B7822043FB700B9B656 /* CryptocurrencyPriceAppTests.swift in Sources */ = {isa = PBXBuildFile; fileRef = 75E96B7722043FB700B9B656 /* CryptocurrencyPriceAppTests.swift */; };
		75E96B8322043FB700B9B656 /* CryptocurrencyPriceAppUITests.swift in Sources */ = {isa = PBXBuildFile; fileRef = 75E96B8222043FB700B9B656 /* CryptocurrencyPriceAppUITests.swift */; };
		75E96BE422044AC300B9B656 /* CryptocurrencyPriceService.framework in Frameworks */ = {isa = PBXBuildFile; fileRef = 75E96BBA2204415100B9B656 /* CryptocurrencyPriceService.framework */; };
		75E96BE622044AD100B9B656 /* CryptocurrencyPriceService.framework in Embed Frameworks */ = {isa = PBXBuildFile; fileRef = 75E96BBA2204415100B9B656 /* CryptocurrencyPriceService.framework */; settings = {ATTRIBUTES = (CodeSignOnCopy, RemoveHeadersOnCopy, ); }; };
/* End PBXBuildFile section */

/* Begin PBXContainerItemProxy section */
		75E96B7422043FB700B9B656 /* PBXContainerItemProxy */ = {
			isa = PBXContainerItemProxy;
			containerPortal = 75E96B5722043FB600B9B656 /* Project object */;
			proxyType = 1;
			remoteGlobalIDString = 75E96B5E22043FB600B9B656;
			remoteInfo = CryptocurrencyPriceApp;
		};
		75E96B7F22043FB700B9B656 /* PBXContainerItemProxy */ = {
			isa = PBXContainerItemProxy;
			containerPortal = 75E96B5722043FB600B9B656 /* Project object */;
			proxyType = 1;
			remoteGlobalIDString = 75E96B5E22043FB600B9B656;
			remoteInfo = CryptocurrencyPriceApp;
		};
		75E96BB92204415100B9B656 /* PBXContainerItemProxy */ = {
			isa = PBXContainerItemProxy;
			containerPortal = 75E96BB42204414F00B9B656 /* CryptocurrencyPriceService.xcodeproj */;
			proxyType = 2;
			remoteGlobalIDString = 75E96B9A2204414F00B9B656;
			remoteInfo = CryptocurrencyPriceService;
		};
		75E96BBB2204415100B9B656 /* PBXContainerItemProxy */ = {
			isa = PBXContainerItemProxy;
			containerPortal = 75E96BB42204414F00B9B656 /* CryptocurrencyPriceService.xcodeproj */;
			proxyType = 2;
			remoteGlobalIDString = 75E96BA32204414F00B9B656;
			remoteInfo = CryptocurrencyPriceServiceTests;
		};
		75E96BE722044AD100B9B656 /* PBXContainerItemProxy */ = {
			isa = PBXContainerItemProxy;
			containerPortal = 75E96BB42204414F00B9B656 /* CryptocurrencyPriceService.xcodeproj */;
			proxyType = 1;
			remoteGlobalIDString = 75E96B992204414F00B9B656;
			remoteInfo = CryptocurrencyPriceService;
		};
/* End PBXContainerItemProxy section */

/* Begin PBXCopyFilesBuildPhase section */
		75E96BE922044AD100B9B656 /* Embed Frameworks */ = {
			isa = PBXCopyFilesBuildPhase;
			buildActionMask = 2147483647;
			dstPath = "";
			dstSubfolderSpec = 10;
			files = (
				75E96BE622044AD100B9B656 /* CryptocurrencyPriceService.framework in Embed Frameworks */,
			);
			name = "Embed Frameworks";
			runOnlyForDeploymentPostprocessing = 0;
		};
/* End PBXCopyFilesBuildPhase section */

/* Begin PBXFileReference section */
		7514DD5D2205BC88009E1E89 /* AppCoordinator.swift */ = {isa = PBXFileReference; lastKnownFileType = sourcecode.swift; path = AppCoordinator.swift; sourceTree = "<group>"; };
		7514DD5F2205BCB3009E1E89 /* AppFactory.swift */ = {isa = PBXFileReference; lastKnownFileType = sourcecode.swift; path = AppFactory.swift; sourceTree = "<group>"; };
		7514DD612205BD83009E1E89 /* ItemListViewController.swift */ = {isa = PBXFileReference; lastKnownFileType = sourcecode.swift; path = ItemListViewController.swift; sourceTree = "<group>"; };
		7514DD632205BD9A009E1E89 /* ItemListViewModel.swift */ = {isa = PBXFileReference; lastKnownFileType = sourcecode.swift; path = ItemListViewModel.swift; sourceTree = "<group>"; };
		7514DD672205C65E009E1E89 /* ErrorView.swift */ = {isa = PBXFileReference; lastKnownFileType = sourcecode.swift; path = ErrorView.swift; sourceTree = "<group>"; };
		7514DD692205C67A009E1E89 /* ErrorView.xib */ = {isa = PBXFileReference; lastKnownFileType = file.xib; path = ErrorView.xib; sourceTree = "<group>"; };
		7514DD6B2205CD82009E1E89 /* NibLoadable.swift */ = {isa = PBXFileReference; lastKnownFileType = sourcecode.swift; path = NibLoadable.swift; sourceTree = "<group>"; };
		7514DD6D2205D387009E1E89 /* LoadingView.swift */ = {isa = PBXFileReference; lastKnownFileType = sourcecode.swift; path = LoadingView.swift; sourceTree = "<group>"; };
		7514DD6F2205D398009E1E89 /* LoadingView.xib */ = {isa = PBXFileReference; lastKnownFileType = file.xib; path = LoadingView.xib; sourceTree = "<group>"; };
		7514DD722205DC0C009E1E89 /* Constants.swift */ = {isa = PBXFileReference; lastKnownFileType = sourcecode.swift; path = Constants.swift; sourceTree = "<group>"; };
		75E96B5F22043FB600B9B656 /* CryptocurrencyPriceApp.app */ = {isa = PBXFileReference; explicitFileType = wrapper.application; includeInIndex = 0; path = CryptocurrencyPriceApp.app; sourceTree = BUILT_PRODUCTS_DIR; };
		75E96B6222043FB600B9B656 /* AppDelegate.swift */ = {isa = PBXFileReference; lastKnownFileType = sourcecode.swift; path = AppDelegate.swift; sourceTree = "<group>"; };
		75E96B6722043FB600B9B656 /* Base */ = {isa = PBXFileReference; lastKnownFileType = file.storyboard; name = Base; path = Base.lproj/Main.storyboard; sourceTree = "<group>"; };
		75E96B6922043FB700B9B656 /* Assets.xcassets */ = {isa = PBXFileReference; lastKnownFileType = folder.assetcatalog; path = Assets.xcassets; sourceTree = "<group>"; };
		75E96B6C22043FB700B9B656 /* Base */ = {isa = PBXFileReference; lastKnownFileType = file.storyboard; name = Base; path = Base.lproj/LaunchScreen.storyboard; sourceTree = "<group>"; };
		75E96B6E22043FB700B9B656 /* Info.plist */ = {isa = PBXFileReference; lastKnownFileType = text.plist.xml; path = Info.plist; sourceTree = "<group>"; };
		75E96B7322043FB700B9B656 /* CryptocurrencyPriceAppTests.xctest */ = {isa = PBXFileReference; explicitFileType = wrapper.cfbundle; includeInIndex = 0; path = CryptocurrencyPriceAppTests.xctest; sourceTree = BUILT_PRODUCTS_DIR; };
		75E96B7722043FB700B9B656 /* CryptocurrencyPriceAppTests.swift */ = {isa = PBXFileReference; lastKnownFileType = sourcecode.swift; path = CryptocurrencyPriceAppTests.swift; sourceTree = "<group>"; };
		75E96B7922043FB700B9B656 /* Info.plist */ = {isa = PBXFileReference; lastKnownFileType = text.plist.xml; path = Info.plist; sourceTree = "<group>"; };
		75E96B7E22043FB700B9B656 /* CryptocurrencyPriceAppUITests.xctest */ = {isa = PBXFileReference; explicitFileType = wrapper.cfbundle; includeInIndex = 0; path = CryptocurrencyPriceAppUITests.xctest; sourceTree = BUILT_PRODUCTS_DIR; };
		75E96B8222043FB700B9B656 /* CryptocurrencyPriceAppUITests.swift */ = {isa = PBXFileReference; lastKnownFileType = sourcecode.swift; path = CryptocurrencyPriceAppUITests.swift; sourceTree = "<group>"; };
		75E96B8422043FB700B9B656 /* Info.plist */ = {isa = PBXFileReference; lastKnownFileType = text.plist.xml; path = Info.plist; sourceTree = "<group>"; };
		75E96BB42204414F00B9B656 /* CryptocurrencyPriceService.xcodeproj */ = {isa = PBXFileReference; lastKnownFileType = "wrapper.pb-project"; name = CryptocurrencyPriceService.xcodeproj; path = CryptocurrencyPriceService/CryptocurrencyPriceService.xcodeproj; sourceTree = "<group>"; };
/* End PBXFileReference section */

/* Begin PBXFrameworksBuildPhase section */
		75E96B5C22043FB600B9B656 /* Frameworks */ = {
			isa = PBXFrameworksBuildPhase;
			buildActionMask = 2147483647;
			files = (
				75E96BE422044AC300B9B656 /* CryptocurrencyPriceService.framework in Frameworks */,
			);
			runOnlyForDeploymentPostprocessing = 0;
		};
		75E96B7022043FB700B9B656 /* Frameworks */ = {
			isa = PBXFrameworksBuildPhase;
			buildActionMask = 2147483647;
			files = (
			);
			runOnlyForDeploymentPostprocessing = 0;
		};
		75E96B7B22043FB700B9B656 /* Frameworks */ = {
			isa = PBXFrameworksBuildPhase;
			buildActionMask = 2147483647;
			files = (
			);
			runOnlyForDeploymentPostprocessing = 0;
		};
/* End PBXFrameworksBuildPhase section */

/* Begin PBXGroup section */
		7514DD592205BC52009E1E89 /* ViewModel */ = {
			isa = PBXGroup;
			children = (
				7514DD632205BD9A009E1E89 /* ItemListViewModel.swift */,
			);
			path = ViewModel;
			sourceTree = "<group>";
		};
		7514DD5B2205BC52009E1E89 /* Coordinator */ = {
			isa = PBXGroup;
			children = (
				7514DD5D2205BC88009E1E89 /* AppCoordinator.swift */,
				7514DD5F2205BCB3009E1E89 /* AppFactory.swift */,
			);
			path = Coordinator;
			sourceTree = "<group>";
		};
		7514DD5C2205BC52009E1E89 /* View */ = {
			isa = PBXGroup;
			children = (
				7514DD652205C646009E1E89 /* ErrorView */,
				7514DD662205C646009E1E89 /* LoadingView */,
				7514DD612205BD83009E1E89 /* ItemListViewController.swift */,
				7514DD6B2205CD82009E1E89 /* NibLoadable.swift */,
			);
			path = View;
			sourceTree = "<group>";
		};
		7514DD652205C646009E1E89 /* ErrorView */ = {
			isa = PBXGroup;
			children = (
				7514DD672205C65E009E1E89 /* ErrorView.swift */,
				7514DD692205C67A009E1E89 /* ErrorView.xib */,
			);
			path = ErrorView;
			sourceTree = "<group>";
		};
		7514DD662205C646009E1E89 /* LoadingView */ = {
			isa = PBXGroup;
			children = (
				7514DD6D2205D387009E1E89 /* LoadingView.swift */,
				7514DD6F2205D398009E1E89 /* LoadingView.xib */,
			);
			path = LoadingView;
			sourceTree = "<group>";
		};
		7514DD712205DBF6009E1E89 /* Constants */ = {
			isa = PBXGroup;
			children = (
				7514DD722205DC0C009E1E89 /* Constants.swift */,
			);
			path = Constants;
			sourceTree = "<group>";
		};
		75E96B5622043FB600B9B656 = {
			isa = PBXGroup;
			children = (
				75E96B6122043FB600B9B656 /* CryptocurrencyPriceApp */,
				75E96B7622043FB700B9B656 /* CryptocurrencyPriceAppTests */,
				75E96B8122043FB700B9B656 /* CryptocurrencyPriceAppUITests */,
				75E96BB42204414F00B9B656 /* CryptocurrencyPriceService.xcodeproj */,
				75E96B6022043FB600B9B656 /* Products */,
				75E96BE322044AC300B9B656 /* Frameworks */,
			);
			sourceTree = "<group>";
		};
		75E96B6022043FB600B9B656 /* Products */ = {
			isa = PBXGroup;
			children = (
				75E96B5F22043FB600B9B656 /* CryptocurrencyPriceApp.app */,
				75E96B7322043FB700B9B656 /* CryptocurrencyPriceAppTests.xctest */,
				75E96B7E22043FB700B9B656 /* CryptocurrencyPriceAppUITests.xctest */,
			);
			name = Products;
			sourceTree = "<group>";
		};
		75E96B6122043FB600B9B656 /* CryptocurrencyPriceApp */ = {
			isa = PBXGroup;
			children = (
				75E96B6222043FB600B9B656 /* AppDelegate.swift */,
				7514DD712205DBF6009E1E89 /* Constants */,
				7514DD5B2205BC52009E1E89 /* Coordinator */,
				7514DD5C2205BC52009E1E89 /* View */,
				7514DD592205BC52009E1E89 /* ViewModel */,
				75E96B6622043FB600B9B656 /* Main.storyboard */,
				75E96B6922043FB700B9B656 /* Assets.xcassets */,
				75E96B6B22043FB700B9B656 /* LaunchScreen.storyboard */,
				75E96B6E22043FB700B9B656 /* Info.plist */,
			);
			path = CryptocurrencyPriceApp;
			sourceTree = "<group>";
		};
		75E96B7622043FB700B9B656 /* CryptocurrencyPriceAppTests */ = {
			isa = PBXGroup;
			children = (
				75E96B7722043FB700B9B656 /* CryptocurrencyPriceAppTests.swift */,
				75E96B7922043FB700B9B656 /* Info.plist */,
			);
			path = CryptocurrencyPriceAppTests;
			sourceTree = "<group>";
		};
		75E96B8122043FB700B9B656 /* CryptocurrencyPriceAppUITests */ = {
			isa = PBXGroup;
			children = (
				75E96B8222043FB700B9B656 /* CryptocurrencyPriceAppUITests.swift */,
				75E96B8422043FB700B9B656 /* Info.plist */,
			);
			path = CryptocurrencyPriceAppUITests;
			sourceTree = "<group>";
		};
		75E96BB52204414F00B9B656 /* Products */ = {
			isa = PBXGroup;
			children = (
				75E96BBA2204415100B9B656 /* CryptocurrencyPriceService.framework */,
				75E96BBC2204415100B9B656 /* CryptocurrencyPriceServiceTests.xctest */,
			);
			name = Products;
			sourceTree = "<group>";
		};
		75E96BE322044AC300B9B656 /* Frameworks */ = {
			isa = PBXGroup;
			children = (
			);
			name = Frameworks;
			sourceTree = "<group>";
		};
/* End PBXGroup section */

/* Begin PBXNativeTarget section */
		75E96B5E22043FB600B9B656 /* CryptocurrencyPriceApp */ = {
			isa = PBXNativeTarget;
			buildConfigurationList = 75E96B8722043FB700B9B656 /* Build configuration list for PBXNativeTarget "CryptocurrencyPriceApp" */;
			buildPhases = (
				75E96B5B22043FB600B9B656 /* Sources */,
				75E96B5C22043FB600B9B656 /* Frameworks */,
				75E96B5D22043FB600B9B656 /* Resources */,
				75E96BE922044AD100B9B656 /* Embed Frameworks */,
			);
			buildRules = (
			);
			dependencies = (
				75E96BE822044AD100B9B656 /* PBXTargetDependency */,
			);
			name = CryptocurrencyPriceApp;
			productName = CryptocurrencyPriceApp;
			productReference = 75E96B5F22043FB600B9B656 /* CryptocurrencyPriceApp.app */;
			productType = "com.apple.product-type.application";
		};
		75E96B7222043FB700B9B656 /* CryptocurrencyPriceAppTests */ = {
			isa = PBXNativeTarget;
			buildConfigurationList = 75E96B8A22043FB700B9B656 /* Build configuration list for PBXNativeTarget "CryptocurrencyPriceAppTests" */;
			buildPhases = (
				75E96B6F22043FB700B9B656 /* Sources */,
				75E96B7022043FB700B9B656 /* Frameworks */,
				75E96B7122043FB700B9B656 /* Resources */,
			);
			buildRules = (
			);
			dependencies = (
				75E96B7522043FB700B9B656 /* PBXTargetDependency */,
			);
			name = CryptocurrencyPriceAppTests;
			productName = CryptocurrencyPriceAppTests;
			productReference = 75E96B7322043FB700B9B656 /* CryptocurrencyPriceAppTests.xctest */;
			productType = "com.apple.product-type.bundle.unit-test";
		};
		75E96B7D22043FB700B9B656 /* CryptocurrencyPriceAppUITests */ = {
			isa = PBXNativeTarget;
			buildConfigurationList = 75E96B8D22043FB700B9B656 /* Build configuration list for PBXNativeTarget "CryptocurrencyPriceAppUITests" */;
			buildPhases = (
				75E96B7A22043FB700B9B656 /* Sources */,
				75E96B7B22043FB700B9B656 /* Frameworks */,
				75E96B7C22043FB700B9B656 /* Resources */,
			);
			buildRules = (
			);
			dependencies = (
				75E96B8022043FB700B9B656 /* PBXTargetDependency */,
			);
			name = CryptocurrencyPriceAppUITests;
			productName = CryptocurrencyPriceAppUITests;
			productReference = 75E96B7E22043FB700B9B656 /* CryptocurrencyPriceAppUITests.xctest */;
			productType = "com.apple.product-type.bundle.ui-testing";
		};
/* End PBXNativeTarget section */

/* Begin PBXProject section */
		75E96B5722043FB600B9B656 /* Project object */ = {
			isa = PBXProject;
			attributes = {
				LastSwiftUpdateCheck = 1010;
				LastUpgradeCheck = 1010;
				ORGANIZATIONNAME = "MAXIM TSVETKOV";
				TargetAttributes = {
					75E96B5E22043FB600B9B656 = {
						CreatedOnToolsVersion = 10.1;
					};
					75E96B7222043FB700B9B656 = {
						CreatedOnToolsVersion = 10.1;
						TestTargetID = 75E96B5E22043FB600B9B656;
					};
					75E96B7D22043FB700B9B656 = {
						CreatedOnToolsVersion = 10.1;
						TestTargetID = 75E96B5E22043FB600B9B656;
					};
				};
			};
			buildConfigurationList = 75E96B5A22043FB600B9B656 /* Build configuration list for PBXProject "CryptocurrencyPriceApp" */;
			compatibilityVersion = "Xcode 9.3";
			developmentRegion = en;
			hasScannedForEncodings = 0;
			knownRegions = (
				en,
				Base,
			);
			mainGroup = 75E96B5622043FB600B9B656;
			productRefGroup = 75E96B6022043FB600B9B656 /* Products */;
			projectDirPath = "";
			projectReferences = (
				{
					ProductGroup = 75E96BB52204414F00B9B656 /* Products */;
					ProjectRef = 75E96BB42204414F00B9B656 /* CryptocurrencyPriceService.xcodeproj */;
				},
			);
			projectRoot = "";
			targets = (
				75E96B5E22043FB600B9B656 /* CryptocurrencyPriceApp */,
				75E96B7222043FB700B9B656 /* CryptocurrencyPriceAppTests */,
				75E96B7D22043FB700B9B656 /* CryptocurrencyPriceAppUITests */,
			);
		};
/* End PBXProject section */

/* Begin PBXReferenceProxy section */
		75E96BBA2204415100B9B656 /* CryptocurrencyPriceService.framework */ = {
			isa = PBXReferenceProxy;
			fileType = wrapper.framework;
			path = CryptocurrencyPriceService.framework;
			remoteRef = 75E96BB92204415100B9B656 /* PBXContainerItemProxy */;
			sourceTree = BUILT_PRODUCTS_DIR;
		};
		75E96BBC2204415100B9B656 /* CryptocurrencyPriceServiceTests.xctest */ = {
			isa = PBXReferenceProxy;
			fileType = wrapper.cfbundle;
			path = CryptocurrencyPriceServiceTests.xctest;
			remoteRef = 75E96BBB2204415100B9B656 /* PBXContainerItemProxy */;
			sourceTree = BUILT_PRODUCTS_DIR;
		};
/* End PBXReferenceProxy section */

/* Begin PBXResourcesBuildPhase section */
		75E96B5D22043FB600B9B656 /* Resources */ = {
			isa = PBXResourcesBuildPhase;
			buildActionMask = 2147483647;
			files = (
				75E96B6D22043FB700B9B656 /* LaunchScreen.storyboard in Resources */,
				75E96B6A22043FB700B9B656 /* Assets.xcassets in Resources */,
				75E96B6822043FB600B9B656 /* Main.storyboard in Resources */,
				7514DD6A2205C67A009E1E89 /* ErrorView.xib in Resources */,
				7514DD702205D398009E1E89 /* LoadingView.xib in Resources */,
			);
			runOnlyForDeploymentPostprocessing = 0;
		};
		75E96B7122043FB700B9B656 /* Resources */ = {
			isa = PBXResourcesBuildPhase;
			buildActionMask = 2147483647;
			files = (
			);
			runOnlyForDeploymentPostprocessing = 0;
		};
		75E96B7C22043FB700B9B656 /* Resources */ = {
			isa = PBXResourcesBuildPhase;
			buildActionMask = 2147483647;
			files = (
			);
			runOnlyForDeploymentPostprocessing = 0;
		};
/* End PBXResourcesBuildPhase section */

/* Begin PBXSourcesBuildPhase section */
		75E96B5B22043FB600B9B656 /* Sources */ = {
			isa = PBXSourcesBuildPhase;
			buildActionMask = 2147483647;
			files = (
				7514DD602205BCB3009E1E89 /* AppFactory.swift in Sources */,
				7514DD682205C65E009E1E89 /* ErrorView.swift in Sources */,
				7514DD6C2205CD82009E1E89 /* NibLoadable.swift in Sources */,
				7514DD642205BD9A009E1E89 /* ItemListViewModel.swift in Sources */,
				7514DD622205BD83009E1E89 /* ItemListViewController.swift in Sources */,
				7514DD6E2205D387009E1E89 /* LoadingView.swift in Sources */,
				7514DD5E2205BC88009E1E89 /* AppCoordinator.swift in Sources */,
				75E96B6322043FB600B9B656 /* AppDelegate.swift in Sources */,
				7514DD732205DC0C009E1E89 /* Constants.swift in Sources */,
			);
			runOnlyForDeploymentPostprocessing = 0;
		};
		75E96B6F22043FB700B9B656 /* Sources */ = {
			isa = PBXSourcesBuildPhase;
			buildActionMask = 2147483647;
			files = (
				75E96B7822043FB700B9B656 /* CryptocurrencyPriceAppTests.swift in Sources */,
			);
			runOnlyForDeploymentPostprocessing = 0;
		};
		75E96B7A22043FB700B9B656 /* Sources */ = {
			isa = PBXSourcesBuildPhase;
			buildActionMask = 2147483647;
			files = (
				75E96B8322043FB700B9B656 /* CryptocurrencyPriceAppUITests.swift in Sources */,
			);
			runOnlyForDeploymentPostprocessing = 0;
		};
/* End PBXSourcesBuildPhase section */

/* Begin PBXTargetDependency section */
		75E96B7522043FB700B9B656 /* PBXTargetDependency */ = {
			isa = PBXTargetDependency;
			target = 75E96B5E22043FB600B9B656 /* CryptocurrencyPriceApp */;
			targetProxy = 75E96B7422043FB700B9B656 /* PBXContainerItemProxy */;
		};
		75E96B8022043FB700B9B656 /* PBXTargetDependency */ = {
			isa = PBXTargetDependency;
			target = 75E96B5E22043FB600B9B656 /* CryptocurrencyPriceApp */;
			targetProxy = 75E96B7F22043FB700B9B656 /* PBXContainerItemProxy */;
		};
		75E96BE822044AD100B9B656 /* PBXTargetDependency */ = {
			isa = PBXTargetDependency;
			name = CryptocurrencyPriceService;
			targetProxy = 75E96BE722044AD100B9B656 /* PBXContainerItemProxy */;
		};
/* End PBXTargetDependency section */

/* Begin PBXVariantGroup section */
		75E96B6622043FB600B9B656 /* Main.storyboard */ = {
			isa = PBXVariantGroup;
			children = (
				75E96B6722043FB600B9B656 /* Base */,
			);
			name = Main.storyboard;
			sourceTree = "<group>";
		};
		75E96B6B22043FB700B9B656 /* LaunchScreen.storyboard */ = {
			isa = PBXVariantGroup;
			children = (
				75E96B6C22043FB700B9B656 /* Base */,
			);
			name = LaunchScreen.storyboard;
			sourceTree = "<group>";
		};
/* End PBXVariantGroup section */

/* Begin XCBuildConfiguration section */
		75E96B8522043FB700B9B656 /* Debug */ = {
			isa = XCBuildConfiguration;
			buildSettings = {
				ALWAYS_SEARCH_USER_PATHS = NO;
				CLANG_ANALYZER_NONNULL = YES;
				CLANG_ANALYZER_NUMBER_OBJECT_CONVERSION = YES_AGGRESSIVE;
				CLANG_CXX_LANGUAGE_STANDARD = "gnu++14";
				CLANG_CXX_LIBRARY = "libc++";
				CLANG_ENABLE_MODULES = YES;
				CLANG_ENABLE_OBJC_ARC = YES;
				CLANG_ENABLE_OBJC_WEAK = YES;
				CLANG_WARN_BLOCK_CAPTURE_AUTORELEASING = YES;
				CLANG_WARN_BOOL_CONVERSION = YES;
				CLANG_WARN_COMMA = YES;
				CLANG_WARN_CONSTANT_CONVERSION = YES;
				CLANG_WARN_DEPRECATED_OBJC_IMPLEMENTATIONS = YES;
				CLANG_WARN_DIRECT_OBJC_ISA_USAGE = YES_ERROR;
				CLANG_WARN_DOCUMENTATION_COMMENTS = YES;
				CLANG_WARN_EMPTY_BODY = YES;
				CLANG_WARN_ENUM_CONVERSION = YES;
				CLANG_WARN_INFINITE_RECURSION = YES;
				CLANG_WARN_INT_CONVERSION = YES;
				CLANG_WARN_NON_LITERAL_NULL_CONVERSION = YES;
				CLANG_WARN_OBJC_IMPLICIT_RETAIN_SELF = YES;
				CLANG_WARN_OBJC_LITERAL_CONVERSION = YES;
				CLANG_WARN_OBJC_ROOT_CLASS = YES_ERROR;
				CLANG_WARN_RANGE_LOOP_ANALYSIS = YES;
				CLANG_WARN_STRICT_PROTOTYPES = YES;
				CLANG_WARN_SUSPICIOUS_MOVE = YES;
				CLANG_WARN_UNGUARDED_AVAILABILITY = YES_AGGRESSIVE;
				CLANG_WARN_UNREACHABLE_CODE = YES;
				CLANG_WARN__DUPLICATE_METHOD_MATCH = YES;
				CODE_SIGN_IDENTITY = "iPhone Developer";
				COPY_PHASE_STRIP = NO;
				DEBUG_INFORMATION_FORMAT = dwarf;
				ENABLE_STRICT_OBJC_MSGSEND = YES;
				ENABLE_TESTABILITY = YES;
				GCC_C_LANGUAGE_STANDARD = gnu11;
				GCC_DYNAMIC_NO_PIC = NO;
				GCC_NO_COMMON_BLOCKS = YES;
				GCC_OPTIMIZATION_LEVEL = 0;
				GCC_PREPROCESSOR_DEFINITIONS = (
					"DEBUG=1",
					"$(inherited)",
				);
				GCC_WARN_64_TO_32_BIT_CONVERSION = YES;
				GCC_WARN_ABOUT_RETURN_TYPE = YES_ERROR;
				GCC_WARN_UNDECLARED_SELECTOR = YES;
				GCC_WARN_UNINITIALIZED_AUTOS = YES_AGGRESSIVE;
				GCC_WARN_UNUSED_FUNCTION = YES;
				GCC_WARN_UNUSED_VARIABLE = YES;
				IPHONEOS_DEPLOYMENT_TARGET = 12.1;
				MTL_ENABLE_DEBUG_INFO = INCLUDE_SOURCE;
				MTL_FAST_MATH = YES;
				ONLY_ACTIVE_ARCH = YES;
				SDKROOT = iphoneos;
				SWIFT_ACTIVE_COMPILATION_CONDITIONS = DEBUG;
				SWIFT_OPTIMIZATION_LEVEL = "-Onone";
			};
			name = Debug;
		};
		75E96B8622043FB700B9B656 /* Release */ = {
			isa = XCBuildConfiguration;
			buildSettings = {
				ALWAYS_SEARCH_USER_PATHS = NO;
				CLANG_ANALYZER_NONNULL = YES;
				CLANG_ANALYZER_NUMBER_OBJECT_CONVERSION = YES_AGGRESSIVE;
				CLANG_CXX_LANGUAGE_STANDARD = "gnu++14";
				CLANG_CXX_LIBRARY = "libc++";
				CLANG_ENABLE_MODULES = YES;
				CLANG_ENABLE_OBJC_ARC = YES;
				CLANG_ENABLE_OBJC_WEAK = YES;
				CLANG_WARN_BLOCK_CAPTURE_AUTORELEASING = YES;
				CLANG_WARN_BOOL_CONVERSION = YES;
				CLANG_WARN_COMMA = YES;
				CLANG_WARN_CONSTANT_CONVERSION = YES;
				CLANG_WARN_DEPRECATED_OBJC_IMPLEMENTATIONS = YES;
				CLANG_WARN_DIRECT_OBJC_ISA_USAGE = YES_ERROR;
				CLANG_WARN_DOCUMENTATION_COMMENTS = YES;
				CLANG_WARN_EMPTY_BODY = YES;
				CLANG_WARN_ENUM_CONVERSION = YES;
				CLANG_WARN_INFINITE_RECURSION = YES;
				CLANG_WARN_INT_CONVERSION = YES;
				CLANG_WARN_NON_LITERAL_NULL_CONVERSION = YES;
				CLANG_WARN_OBJC_IMPLICIT_RETAIN_SELF = YES;
				CLANG_WARN_OBJC_LITERAL_CONVERSION = YES;
				CLANG_WARN_OBJC_ROOT_CLASS = YES_ERROR;
				CLANG_WARN_RANGE_LOOP_ANALYSIS = YES;
				CLANG_WARN_STRICT_PROTOTYPES = YES;
				CLANG_WARN_SUSPICIOUS_MOVE = YES;
				CLANG_WARN_UNGUARDED_AVAILABILITY = YES_AGGRESSIVE;
				CLANG_WARN_UNREACHABLE_CODE = YES;
				CLANG_WARN__DUPLICATE_METHOD_MATCH = YES;
				CODE_SIGN_IDENTITY = "iPhone Developer";
				COPY_PHASE_STRIP = NO;
				DEBUG_INFORMATION_FORMAT = "dwarf-with-dsym";
				ENABLE_NS_ASSERTIONS = NO;
				ENABLE_STRICT_OBJC_MSGSEND = YES;
				GCC_C_LANGUAGE_STANDARD = gnu11;
				GCC_NO_COMMON_BLOCKS = YES;
				GCC_WARN_64_TO_32_BIT_CONVERSION = YES;
				GCC_WARN_ABOUT_RETURN_TYPE = YES_ERROR;
				GCC_WARN_UNDECLARED_SELECTOR = YES;
				GCC_WARN_UNINITIALIZED_AUTOS = YES_AGGRESSIVE;
				GCC_WARN_UNUSED_FUNCTION = YES;
				GCC_WARN_UNUSED_VARIABLE = YES;
				IPHONEOS_DEPLOYMENT_TARGET = 12.1;
				MTL_ENABLE_DEBUG_INFO = NO;
				MTL_FAST_MATH = YES;
				SDKROOT = iphoneos;
				SWIFT_COMPILATION_MODE = wholemodule;
				SWIFT_OPTIMIZATION_LEVEL = "-O";
				VALIDATE_PRODUCT = YES;
			};
			name = Release;
		};
		75E96B8822043FB700B9B656 /* Debug */ = {
			isa = XCBuildConfiguration;
			buildSettings = {
				ALWAYS_EMBED_SWIFT_STANDARD_LIBRARIES = YES;
				ASSETCATALOG_COMPILER_APPICON_NAME = AppIcon;
				CODE_SIGN_STYLE = Automatic;
				INFOPLIST_FILE = CryptocurrencyPriceApp/Info.plist;
				LD_RUNPATH_SEARCH_PATHS = (
					"$(inherited)",
					"@executable_path/Frameworks",
				);
				PRODUCT_BUNDLE_IDENTIFIER = maxxx.CryptocurrencyPriceApp;
				PRODUCT_NAME = "$(TARGET_NAME)";
				SWIFT_VERSION = 4.2;
				TARGETED_DEVICE_FAMILY = "1,2";
			};
			name = Debug;
		};
		75E96B8922043FB700B9B656 /* Release */ = {
			isa = XCBuildConfiguration;
			buildSettings = {
				ALWAYS_EMBED_SWIFT_STANDARD_LIBRARIES = YES;
				ASSETCATALOG_COMPILER_APPICON_NAME = AppIcon;
				CODE_SIGN_STYLE = Automatic;
				INFOPLIST_FILE = CryptocurrencyPriceApp/Info.plist;
				LD_RUNPATH_SEARCH_PATHS = (
					"$(inherited)",
					"@executable_path/Frameworks",
				);
				PRODUCT_BUNDLE_IDENTIFIER = maxxx.CryptocurrencyPriceApp;
				PRODUCT_NAME = "$(TARGET_NAME)";
				SWIFT_VERSION = 4.2;
				TARGETED_DEVICE_FAMILY = "1,2";
			};
			name = Release;
		};
		75E96B8B22043FB700B9B656 /* Debug */ = {
			isa = XCBuildConfiguration;
			buildSettings = {
				ALWAYS_EMBED_SWIFT_STANDARD_LIBRARIES = YES;
				BUNDLE_LOADER = "$(TEST_HOST)";
				CODE_SIGN_STYLE = Automatic;
				INFOPLIST_FILE = CryptocurrencyPriceAppTests/Info.plist;
				LD_RUNPATH_SEARCH_PATHS = (
					"$(inherited)",
					"@executable_path/Frameworks",
					"@loader_path/Frameworks",
				);
				PRODUCT_BUNDLE_IDENTIFIER = maxxx.CryptocurrencyPriceAppTests;
				PRODUCT_NAME = "$(TARGET_NAME)";
				SWIFT_VERSION = 4.2;
				TARGETED_DEVICE_FAMILY = "1,2";
				TEST_HOST = "$(BUILT_PRODUCTS_DIR)/CryptocurrencyPriceApp.app/CryptocurrencyPriceApp";
			};
			name = Debug;
		};
		75E96B8C22043FB700B9B656 /* Release */ = {
			isa = XCBuildConfiguration;
			buildSettings = {
				ALWAYS_EMBED_SWIFT_STANDARD_LIBRARIES = YES;
				BUNDLE_LOADER = "$(TEST_HOST)";
				CODE_SIGN_STYLE = Automatic;
				INFOPLIST_FILE = CryptocurrencyPriceAppTests/Info.plist;
				LD_RUNPATH_SEARCH_PATHS = (
					"$(inherited)",
					"@executable_path/Frameworks",
					"@loader_path/Frameworks",
				);
				PRODUCT_BUNDLE_IDENTIFIER = maxxx.CryptocurrencyPriceAppTests;
				PRODUCT_NAME = "$(TARGET_NAME)";
				SWIFT_VERSION = 4.2;
				TARGETED_DEVICE_FAMILY = "1,2";
				TEST_HOST = "$(BUILT_PRODUCTS_DIR)/CryptocurrencyPriceApp.app/CryptocurrencyPriceApp";
			};
			name = Release;
		};
		75E96B8E22043FB700B9B656 /* Debug */ = {
			isa = XCBuildConfiguration;
			buildSettings = {
				ALWAYS_EMBED_SWIFT_STANDARD_LIBRARIES = YES;
				CODE_SIGN_STYLE = Automatic;
				INFOPLIST_FILE = CryptocurrencyPriceAppUITests/Info.plist;
				LD_RUNPATH_SEARCH_PATHS = (
					"$(inherited)",
					"@executable_path/Frameworks",
					"@loader_path/Frameworks",
				);
				PRODUCT_BUNDLE_IDENTIFIER = maxxx.CryptocurrencyPriceAppUITests;
				PRODUCT_NAME = "$(TARGET_NAME)";
				SWIFT_VERSION = 4.2;
				TARGETED_DEVICE_FAMILY = "1,2";
				TEST_TARGET_NAME = CryptocurrencyPriceApp;
			};
			name = Debug;
		};
		75E96B8F22043FB700B9B656 /* Release */ = {
			isa = XCBuildConfiguration;
			buildSettings = {
				ALWAYS_EMBED_SWIFT_STANDARD_LIBRARIES = YES;
				CODE_SIGN_STYLE = Automatic;
				INFOPLIST_FILE = CryptocurrencyPriceAppUITests/Info.plist;
				LD_RUNPATH_SEARCH_PATHS = (
					"$(inherited)",
					"@executable_path/Frameworks",
					"@loader_path/Frameworks",
				);
				PRODUCT_BUNDLE_IDENTIFIER = maxxx.CryptocurrencyPriceAppUITests;
				PRODUCT_NAME = "$(TARGET_NAME)";
				SWIFT_VERSION = 4.2;
				TARGETED_DEVICE_FAMILY = "1,2";
				TEST_TARGET_NAME = CryptocurrencyPriceApp;
			};
			name = Release;
		};
/* End XCBuildConfiguration section */

/* Begin XCConfigurationList section */
		75E96B5A22043FB600B9B656 /* Build configuration list for PBXProject "CryptocurrencyPriceApp" */ = {
			isa = XCConfigurationList;
			buildConfigurations = (
				75E96B8522043FB700B9B656 /* Debug */,
				75E96B8622043FB700B9B656 /* Release */,
			);
			defaultConfigurationIsVisible = 0;
			defaultConfigurationName = Release;
		};
		75E96B8722043FB700B9B656 /* Build configuration list for PBXNativeTarget "CryptocurrencyPriceApp" */ = {
			isa = XCConfigurationList;
			buildConfigurations = (
				75E96B8822043FB700B9B656 /* Debug */,
				75E96B8922043FB700B9B656 /* Release */,
			);
			defaultConfigurationIsVisible = 0;
			defaultConfigurationName = Release;
		};
		75E96B8A22043FB700B9B656 /* Build configuration list for PBXNativeTarget "CryptocurrencyPriceAppTests" */ = {
			isa = XCConfigurationList;
			buildConfigurations = (
				75E96B8B22043FB700B9B656 /* Debug */,
				75E96B8C22043FB700B9B656 /* Release */,
			);
			defaultConfigurationIsVisible = 0;
			defaultConfigurationName = Release;
		};
		75E96B8D22043FB700B9B656 /* Build configuration list for PBXNativeTarget "CryptocurrencyPriceAppUITests" */ = {
			isa = XCConfigurationList;
			buildConfigurations = (
				75E96B8E22043FB700B9B656 /* Debug */,
				75E96B8F22043FB700B9B656 /* Release */,
			);
			defaultConfigurationIsVisible = 0;
			defaultConfigurationName = Release;
		};
/* End XCConfigurationList section */
	};
	rootObject = 75E96B5722043FB600B9B656 /* Project object */;
}
